
Microsoft Visual Studio Solution File, Format Version 12.00
# Visual Studio Version 16
VisualStudioVersion = 16.0.30413.136
MinimumVisualStudioVersion = 10.0.40219.1
Project("{FAE04EC0-301F-11D3-BF4B-00C04F79EFBC}") = "MiddlewareApp", "MiddlewareApp\MiddlewareApp.csproj", "{ECF537D3-6A21-4C49-90EB-0F6533B4C0DE}"
EndProject
Global
	GlobalSection(SolutionConfigurationPlatforms) = preSolution
		Debug|Any CPU = Debug|Any CPU
		Release|Any CPU = Release|Any CPU
	EndGlobalSection
	GlobalSection(ProjectConfigurationPlatforms) = postSolution
		{ECF537D3-6A21-4C49-90EB-0F6533B4C0DE}.Debug|Any CPU.ActiveCfg = Debug|Any CPU
		{ECF537D3-6A21-4C49-90EB-0F6533B4C0DE}.Debug|Any CPU.Build.0 = Debug|Any CPU
		{ECF537D3-6A21-4C49-90EB-0F6533B4C0DE}.Release|Any CPU.ActiveCfg = Release|Any CPU
		{ECF537D3-6A21-4C49-90EB-0F6533B4C0DE}.Release|Any CPU.Build.0 = Release|Any CPU
	EndGlobalSection
	GlobalSection(SolutionProperties) = preSolution
		HideSolutionNode = FALSE
	EndGlobalSection
	GlobalSection(ExtensibilityGlobals) = postSolution
		SolutionGuid = {11415B65-A241-40A7-83EF-C33D224F178F}
	EndGlobalSection
EndGlobal
